PODS:
  - Contentful (4.2.4):
    - Contentful/ImageOptions (= 4.2.4)
  - Contentful/ImageOptions (4.2.4)
  - Down (0.8.3)
  - SDWebImage (5.0.2):
    - SDWebImage/Core (= 5.0.2)
  - SDWebImage/Core (5.0.2)

DEPENDENCIES:
  - Contentful
  - Down (~> 0.8.1)
  - SDWebImage

SPEC REPOS:
  https://github.com/cocoapods/specs.git:
    - Contentful
    - Down
    - SDWebImage

SPEC CHECKSUMS:
  Contentful: 1cd45133c7ff270439e6cc806ca0100f57242b83
  Down: 58ee4aa8941dcd959a8ef2eb64394967ee3fa836
  SDWebImage: 6764b5fa0f73c203728052955dbefa2bf1f33282

PODFILE CHECKSUM: 7b556d579ae5d44705ad0e912112aa2fd6aa4fd9

COCOAPODS: 1.6.1
